// !$*UTF8*$!
{
	archiveVersion = 1;
	classes = {
	};
	objectVersion = 55;
	objects = {

/* Begin PBXBuildFile section */
		A78DEF1127BAC8D700DD607A /* SimpsonModel.swift in Sources */ = {isa = PBXBuildFile; fileRef = A78DEF1027BAC8D700DD607A /* SimpsonModel.swift */; };
		A7BA83B427B9446E005980E6 /* AppDelegate.swift in Sources */ = {isa = PBXBuildFile; fileRef = A7BA83B327B9446E005980E6 /* AppDelegate.swift */; };
		A7BA83B627B9446E005980E6 /* SceneDelegate.swift in Sources */ = {isa = PBXBuildFile; fileRef = A7BA83B527B9446E005980E6 /* SceneDelegate.swift */; };
		A7BA83B827B9446E005980E6 /* ViewController.swift in Sources */ = {isa = PBXBuildFile; fileRef = A7BA83B727B9446E005980E6 /* ViewController.swift */; };
		A7BA83BB27B9446E005980E6 /* Main.storyboard in Resources */ = {isa = PBXBuildFile; fileRef = A7BA83B927B9446E005980E6 /* Main.storyboard */; };
		A7BA83BD27B9446F005980E6 /* Assets.xcassets in Resources */ = {isa = PBXBuildFile; fileRef = A7BA83BC27B9446F005980E6 /* Assets.xcassets */; };
		A7BA83C027B9446F005980E6 /* LaunchScreen.storyboard in Resources */ = {isa = PBXBuildFile; fileRef = A7BA83BE27B9446F005980E6 /* LaunchScreen.storyboard */; };
		A7BA83C827B95B35005980E6 /* DetailsViewController.swift in Sources */ = {isa = PBXBuildFile; fileRef = A7BA83C727B95B35005980E6 /* DetailsViewController.swift */; };
/* End PBXBuildFile section */

/* Begin PBXFileReference section */
		A78DEF1027BAC8D700DD607A /* SimpsonModel.swift */ = {isa = PBXFileReference; lastKnownFileType = sourcecode.swift; path = SimpsonModel.swift; sourceTree = "<group>"; };
		A7BA83B027B9446E005980E6 /* SimpsonsBook.app */ = {isa = PBXFileReference; explicitFileType = wrapper.application; includeInIndex = 0; path = SimpsonsBook.app; sourceTree = BUILT_PRODUCTS_DIR; };
		A7BA83B327B9446E005980E6 /* AppDelegate.swift */ = {isa = PBXFileReference; lastKnownFileType = sourcecode.swift; path = AppDelegate.swift; sourceTree = "<group>"; };
		A7BA83B527B9446E005980E6 /* SceneDelegate.swift */ = {isa = PBXFileReference; lastKnownFileType = sourcecode.swift; path = SceneDelegate.swift; sourceTree = "<group>"; };
		A7BA83B727B9446E005980E6 /* ViewController.swift */ = {isa = PBXFileReference; lastKnownFileType = sourcecode.swift; path = ViewController.swift; sourceTree = "<group>"; };
		A7BA83BA27B9446E005980E6 /* Base */ = {isa = PBXFileReference; lastKnownFileType = file.storyboard; name = Base; path = Base.lproj/Main.storyboard; sourceTree = "<group>"; };
		A7BA83BC27B9446F005980E6 /* Assets.xcassets */ = {isa = PBXFileReference; lastKnownFileType = folder.assetcatalog; path = Assets.xcassets; sourceTree = "<group>"; };
		A7BA83BF27B9446F005980E6 /* Base */ = {isa = PBXFileReference; lastKnownFileType = file.storyboard; name = Base; path = Base.lproj/LaunchScreen.storyboard; sourceTree = "<group>"; };
		A7BA83C127B9446F005980E6 /* Info.plist */ = {isa = PBXFileReference; lastKnownFileType = text.plist.xml; path = Info.plist; sourceTree = "<group>"; };
		A7BA83C727B95B35005980E6 /* DetailsViewController.swift */ = {isa = PBXFileReference; lastKnownFileType = sourcecode.swift; path = DetailsViewController.swift; sourceTree = "<group>"; };
/* End PBXFileReference section */

/* Begin PBXFrameworksBuildPhase section */
		A7BA83AD27B9446E005980E6 /* Frameworks */ = {
			isa = PBXFrameworksBuildPhase;
			buildActionMask = 2147483647;
			files = (
			);
			runOnlyForDeploymentPostprocessing = 0;
		};
/* End PBXFrameworksBuildPhase section */

/* Begin PBXGroup section */
		A7BA83A727B9446D005980E6 = {
			isa = PBXGroup;
			children = (
				A7BA83B227B9446E005980E6 /* SimpsonsBook */,
				A7BA83B127B9446E005980E6 /* Products */,
			);
			sourceTree = "<group>";
		};
		A7BA83B127B9446E005980E6 /* Products */ = {
			isa = PBXGroup;
			children = (
				A7BA83B027B9446E005980E6 /* SimpsonsBook.app */,
			);
			name = Products;
			sourceTree = "<group>";
		};
		A7BA83B227B9446E005980E6 /* SimpsonsBook */ = {
			isa = PBXGroup;
			children = (
				A7BA83B327B9446E005980E6 /* AppDelegate.swift */,
				A7BA83B527B9446E005980E6 /* SceneDelegate.swift */,
				A7BA83B727B9446E005980E6 /* ViewController.swift */,
				A7BA83C727B95B35005980E6 /* DetailsViewController.swift */,
				A78DEF1027BAC8D700DD607A /* SimpsonModel.swift */,
				A7BA83B927B9446E005980E6 /* Main.storyboard */,
				A7BA83BC27B9446F005980E6 /* Assets.xcassets */,
				A7BA83BE27B9446F005980E6 /* LaunchScreen.storyboard */,
				A7BA83C127B9446F005980E6 /* Info.plist */,
			);
			path = SimpsonsBook;
			sourceTree = "<group>";
		};
/* End PBXGroup section */

/* Begin PBXNativeTarget section */
		A7BA83AF27B9446E005980E6 /* SimpsonsBook */ = {
			isa = PBXNativeTarget;
			buildConfigurationList = A7BA83C427B9446F005980E6 /* Build configuration list for PBXNativeTarget "SimpsonsBook" */;
			buildPhases = (
				A7BA83AC27B9446E005980E6 /* Sources */,
				A7BA83AD27B9446E005980E6 /* Frameworks */,
				A7BA83AE27B9446E005980E6 /* Resources */,
			);
			buildRules = (
			);
			dependencies = (
			);
			name = SimpsonsBook;
			productName = SimpsonsBook;
			productReference = A7BA83B027B9446E005980E6 /* SimpsonsBook.app */;
			productType = "com.apple.product-type.application";
		};
/* End PBXNativeTarget section */

/* Begin PBXProject section */
		A7BA83A827B9446D005980E6 /* Project object */ = {
			isa = PBXProject;
			attributes = {
				BuildIndependentTargetsInParallel = 1;
				LastSwiftUpdateCheck = 1320;
				LastUpgradeCheck = 1320;
				TargetAttributes = {
					A7BA83AF27B9446E005980E6 = {
						CreatedOnToolsVersion = 13.2.1;
					};
				};
			};
			buildConfigurationList = A7BA83AB27B9446D005980E6 /* Build configuration list for PBXProject "SimpsonsBook" */;
			compatibilityVersion = "Xcode 13.0";
			developmentRegion = en;
			hasScannedForEncodings = 0;
			knownRegions = (
				en,
				Base,
			);
			mainGroup = A7BA83A727B9446D005980E6;
			productRefGroup = A7BA83B127B9446E005980E6 /* Products */;
			projectDirPath = "";
			projectRoot = "";
			targets = (
				A7BA83AF27B9446E005980E6 /* SimpsonsBook */,
			);
		};
/* End PBXProject section */

/* Begin PBXResourcesBuildPhase section */
		A7BA83AE27B9446E005980E6 /* Resources */ = {
			isa = PBXResourcesBuildPhase;
			buildActionMask = 2147483647;
			files = (
				A7BA83C027B9446F005980E6 /* LaunchScreen.storyboard in Resources */,
				A7BA83BD27B9446F005980E6 /* Assets.xcassets in Resources */,
				A7BA83BB27B9446E005980E6 /* Main.storyboard in Resources */,
			);
			runOnlyForDeploymentPostprocessing = 0;
		};
/* End PBXResourcesBuildPhase section */

/* Begin PBXSourcesBuildPhase section */
		A7BA83AC27B9446E005980E6 /* Sources */ = {
			isa = PBXSourcesBuildPhase;
			buildActionMask = 2147483647;
			files = (
				A7BA83B827B9446E005980E6 /* ViewController.swift in Sources */,
				A7BA83B427B9446E005980E6 /* AppDelegate.swift in Sources */,
				A78DEF1127BAC8D700DD607A /* SimpsonModel.swift in Sources */,
				A7BA83B627B9446E005980E6 /* SceneDelegate.swift in Sources */,
				A7BA83C827B95B35005980E6 /* DetailsViewController.swift in Sources */,
			);
			runOnlyForDeploymentPostprocessing = 0;
		};
/* End PBXSourcesBuildPhase section */

/* Begin PBXVariantGroup section */
		A7BA83B927B9446E005980E6 /* Main.storyboard */ = {
			isa = PBXVariantGroup;
			children = (
				A7BA83BA27B9446E005980E6 /* Base */,
			);
			name = Main.storyboard;
			sourceTree = "<group>";
		};
		A7BA83BE27B9446F005980E6 /* LaunchScreen.storyboard */ = {
			isa = PBXVariantGroup;
			children = (
				A7BA83BF27B9446F005980E6 /* Base */,
			);
			name = LaunchScreen.storyboard;
			sourceTree = "<group>";
		};
/* End PBXVariantGroup section */

/* Begin XCBuildConfiguration section */
		A7BA83C227B9446F005980E6 /* Debug */ = {
			isa = XCBuildConfiguration;
			buildSettings = {
				ALWAYS_SEARCH_USER_PATHS = NO;
				CLANG_ANALYZER_NONNULL = YES;
				CLANG_ANALYZER_NUMBER_OBJECT_CONVERSION = YES_AGGRESSIVE;
				CLANG_CXX_LANGUAGE_STANDARD = "gnu++17";
				CLANG_CXX_LIBRARY = "libc++";
				CLANG_ENABLE_MODULES = YES;
				CLANG_ENABLE_OBJC_ARC = YES;
				CLANG_ENABLE_OBJC_WEAK = YES;
				CLANG_WARN_BLOCK_CAPTURE_AUTORELEASING = YES;
				CLANG_WARN_BOOL_CONVERSION = YES;
				CLANG_WARN_COMMA = YES;
				CLANG_WARN_CONSTANT_CONVERSION = YES;
				CLANG_WARN_DEPRECATED_OBJC_IMPLEMENTATIONS = YES;
				CLANG_WARN_DIRECT_OBJC_ISA_USAGE = YES_ERROR;
				CLANG_WARN_DOCUMENTATION_COMMENTS = YES;
				CLANG_WARN_EMPTY_BODY = YES;
				CLANG_WARN_ENUM_CONVERSION = YES;
				CLANG_WARN_INFINITE_RECURSION = YES;
				CLANG_WARN_INT_CONVERSION = YES;
				CLANG_WARN_NON_LITERAL_NULL_CONVERSION = YES;
				CLANG_WARN_OBJC_IMPLICIT_RETAIN_SELF = YES;
				CLANG_WARN_OBJC_LITERAL_CONVERSION = YES;
				CLANG_WARN_OBJC_ROOT_CLASS = YES_ERROR;
				CLANG_WARN_QUOTED_INCLUDE_IN_FRAMEWORK_HEADER = YES;
				CLANG_WARN_RANGE_LOOP_ANALYSIS = YES;
				CLANG_WARN_STRICT_PROTOTYPES = YES;
				CLANG_WARN_SUSPICIOUS_MOVE = YES;
				CLANG_WARN_UNGUARDED_AVAILABILITY = YES_AGGRESSIVE;
				CLANG_WARN_UNREACHABLE_CODE = YES;
				CLANG_WARN__DUPLICATE_METHOD_MATCH = YES;
				COPY_PHASE_STRIP = NO;
				DEBUG_INFORMATION_FORMAT = dwarf;
				ENABLE_STRICT_OBJC_MSGSEND = YES;
				ENABLE_TESTABILITY = YES;
				GCC_C_LANGUAGE_STANDARD = gnu11;
				GCC_DYNAMIC_NO_PIC = NO;
				GCC_NO_COMMON_BLOCKS = YES;
				GCC_OPTIMIZATION_LEVEL = 0;
				GCC_PREPROCESSOR_DEFINITIONS = (
					"DEBUG=1",
					"$(inherited)",
				);
				GCC_WARN_64_TO_32_BIT_CONVERSION = YES;
				GCC_WARN_ABOUT_RETURN_TYPE = YES_ERROR;
				GCC_WARN_UNDECLARED_SELECTOR = YES;
				GCC_WARN_UNINITIALIZED_AUTOS = YES_AGGRESSIVE;
				GCC_WARN_UNUSED_FUNCTION = YES;
				GCC_WARN_UNUSED_VARIABLE = YES;
				IPHONEOS_DEPLOYMENT_TARGET = 15.2;
				MTL_ENABLE_DEBUG_INFO = INCLUDE_SOURCE;
				MTL_FAST_MATH = YES;
				ONLY_ACTIVE_ARCH = YES;
				SDKROOT = iphoneos;
				SWIFT_ACTIVE_COMPILATION_CONDITIONS = DEBUG;
				SWIFT_OPTIMIZATION_LEVEL = "-Onone";
			};
			name = Debug;
		};
		A7BA83C327B9446F005980E6 /* Release */ = {
			isa = XCBuildConfiguration;
			buildSettings = {
				ALWAYS_SEARCH_USER_PATHS = NO;
				CLANG_ANALYZER_NONNULL = YES;
				CLANG_ANALYZER_NUMBER_OBJECT_CONVERSION = YES_AGGRESSIVE;
				CLANG_CXX_LANGUAGE_STANDARD = "gnu++17";
				CLANG_CXX_LIBRARY = "libc++";
				CLANG_ENABLE_MODULES = YES;
				CLANG_ENABLE_OBJC_ARC = YES;
				CLANG_ENABLE_OBJC_WEAK = YES;
				CLANG_WARN_BLOCK_CAPTURE_AUTORELEASING = YES;
				CLANG_WARN_BOOL_CONVERSION = YES;
				CLANG_WARN_COMMA = YES;
				CLANG_WARN_CONSTANT_CONVERSION = YES;
				CLANG_WARN_DEPRECATED_OBJC_IMPLEMENTATIONS = YES;
				CLANG_WARN_DIRECT_OBJC_ISA_USAGE = YES_ERROR;
				CLANG_WARN_DOCUMENTATION_COMMENTS = YES;
				CLANG_WARN_EMPTY_BODY = YES;
				CLANG_WARN_ENUM_CONVERSION = YES;
				CLANG_WARN_INFINITE_RECURSION = YES;
				CLANG_WARN_INT_CONVERSION = YES;
				CLANG_WARN_NON_LITERAL_NULL_CONVERSION = YES;
				CLANG_WARN_OBJC_IMPLICIT_RETAIN_SELF = YES;
				CLANG_WARN_OBJC_LITERAL_CONVERSION = YES;
				CLANG_WARN_OBJC_ROOT_CLASS = YES_ERROR;
				CLANG_WARN_QUOTED_INCLUDE_IN_FRAMEWORK_HEADER = YES;
				CLANG_WARN_RANGE_LOOP_ANALYSIS = YES;
				CLANG_WARN_STRICT_PROTOTYPES = YES;
				CLANG_WARN_SUSPICIOUS_MOVE = YES;
				CLANG_WARN_UNGUARDED_AVAILABILITY = YES_AGGRESSIVE;
				CLANG_WARN_UNREACHABLE_CODE = YES;
				CLANG_WARN__DUPLICATE_METHOD_MATCH = YES;
				COPY_PHASE_STRIP = NO;
				DEBUG_INFORMATION_FORMAT = "dwarf-with-dsym";
				ENABLE_NS_ASSERTIONS = NO;
				ENABLE_STRICT_OBJC_MSGSEND = YES;
				GCC_C_LANGUAGE_STANDARD = gnu11;
				GCC_NO_COMMON_BLOCKS = YES;
				GCC_WARN_64_TO_32_BIT_CONVERSION = YES;
				GCC_WARN_ABOUT_RETURN_TYPE = YES_ERROR;
				GCC_WARN_UNDECLARED_SELECTOR = YES;
				GCC_WARN_UNINITIALIZED_AUTOS = YES_AGGRESSIVE;
				GCC_WARN_UNUSED_FUNCTION = YES;
				GCC_WARN_UNUSED_VARIABLE = YES;
				IPHONEOS_DEPLOYMENT_TARGET = 15.2;
				MTL_ENABLE_DEBUG_INFO = NO;
				MTL_FAST_MATH = YES;
				SDKROOT = iphoneos;
				SWIFT_COMPILATION_MODE = wholemodule;
				SWIFT_OPTIMIZATION_LEVEL = "-O";
				VALIDATE_PRODUCT = YES;
			};
			name = Release;
		};
		A7BA83C527B9446F005980E6 /* Debug */ = {
			isa = XCBuildConfiguration;
			buildSettings = {
				ASSETCATALOG_COMPILER_APPICON_NAME = AppIcon;
				ASSETCATALOG_COMPILER_GLOBAL_ACCENT_COLOR_NAME = AccentColor;
				CODE_SIGN_STYLE = Automatic;
				CURRENT_PROJECT_VERSION = 1;
				DEVELOPMENT_TEAM = WCXRCY5QXR;
				GENERATE_INFOPLIST_FILE = YES;
				INFOPLIST_FILE = SimpsonsBook/Info.plist;
				INFOPLIST_KEY_UIApplicationSupportsIndirectInputEvents = YES;
				INFOPLIST_KEY_UILaunchStoryboardName = LaunchScreen;
				INFOPLIST_KEY_UIMainStoryboardFile = Main;
				INFOPLIST_KEY_UISupportedInterfaceOrientations_iPad = "UIInterfaceOrientationPortrait UIInterfaceOrientationPortraitUpsideDown UIInterfaceOrientationLandscapeLeft UIInterfaceOrientationLandscapeRight";
				INFOPLIST_KEY_UISupportedInterfaceOrientations_iPhone = "UIInterfaceOrientationPortrait UIInterfaceOrientationLandscapeLeft UIInterfaceOrientationLandscapeRight";
				LD_RUNPATH_SEARCH_PATHS = (
					"$(inherited)",
					"@executable_path/Frameworks",
				);
				MARKETING_VERSION = 1.0;
				PRODUCT_BUNDLE_IDENTIFIER = com.samedsemihs.SimpsonsBook;
				PRODUCT_NAME = "$(TARGET_NAME)";
				SWIFT_EMIT_LOC_STRINGS = YES;
				SWIFT_VERSION = 5.0;
				TARGETED_DEVICE_FAMILY = "1,2";
			};
			name = Debug;
		};
		A7BA83C627B9446F005980E6 /* Release */ = {
			isa = XCBuildConfiguration;
			buildSettings = {
				ASSETCATALOG_COMPILER_APPICON_NAME = AppIcon;
				ASSETCATALOG_COMPILER_GLOBAL_ACCENT_COLOR_NAME = AccentColor;
				CODE_SIGN_STYLE = Automatic;
				CURRENT_PROJECT_VERSION = 1;
				DEVELOPMENT_TEAM = WCXRCY5QXR;
				GENERATE_INFOPLIST_FILE = YES;
				INFOPLIST_FILE = SimpsonsBook/Info.plist;
				INFOPLIST_KEY_UIApplicationSupportsIndirectInputEvents = YES;
				INFOPLIST_KEY_UILaunchStoryboardName = LaunchScreen;
				INFOPLIST_KEY_UIMainStoryboardFile = Main;
				INFOPLIST_KEY_UISupportedInterfaceOrientations_iPad = "UIInterfaceOrientationPortrait UIInterfaceOrientationPortraitUpsideDown UIInterfaceOrientationLandscapeLeft UIInterfaceOrientationLandscapeRight";
				INFOPLIST_KEY_UISupportedInterfaceOrientations_iPhone = "UIInterfaceOrientationPortrait UIInterfaceOrientationLandscapeLeft UIInterfaceOrientationLandscapeRight";
				LD_RUNPATH_SEARCH_PATHS = (
					"$(inherited)",
					"@executable_path/Frameworks",
				);
				MARKETING_VERSION = 1.0;
				PRODUCT_BUNDLE_IDENTIFIER = com.samedsemihs.SimpsonsBook;
				PRODUCT_NAME = "$(TARGET_NAME)";
				SWIFT_EMIT_LOC_STRINGS = YES;
				SWIFT_VERSION = 5.0;
				TARGETED_DEVICE_FAMILY = "1,2";
			};
			name = Release;
		};
/* End XCBuildConfiguration section */

/* Begin XCConfigurationList section */
		A7BA83AB27B9446D005980E6 /* Build configuration list for PBXProject "SimpsonsBook" */ = {
			isa = XCConfigurationList;
			buildConfigurations = (
				A7BA83C227B9446F005980E6 /* Debug */,
				A7BA83C327B9446F005980E6 /* Release */,
			);
			defaultConfigurationIsVisible = 0;
			defaultConfigurationName = Release;
		};
		A7BA83C427B9446F005980E6 /* Build configuration list for PBXNativeTarget "SimpsonsBook" */ = {
			isa = XCConfigurationList;
			buildConfigurations = (
				A7BA83C527B9446F005980E6 /* Debug */,
				A7BA83C627B9446F005980E6 /* Release */,
			);
			defaultConfigurationIsVisible = 0;
			defaultConfigurationName = Release;
		};
/* End XCConfigurationList section */
	};
	rootObject = A7BA83A827B9446D005980E6 /* Project object */;
}
